
Microsoft Visual Studio Solution File, Format Version 12.00
Project("{2150E333-8FDC-42A3-9474-1A3956D46DE8}") = "Api", "Api", "{7C0FF3E3-8DF7-4CE1-A44D-F5F77FD206B9}"
EndProject
Project("{FAE04EC0-301F-11D3-BF4B-00C04F79EFBC}") = "Comfyg.Api", "packages\Api\Comfyg.Api\Comfyg.Api.csproj", "{26CF8A96-1AA3-4BDC-A17C-75BE19CC3560}"
EndProject
Global
	GlobalSection(SolutionConfigurationPlatforms) = preSolution
		Debug|Any CPU = Debug|Any CPU
		Release|Any CPU = Release|Any CPU
	EndGlobalSection
	GlobalSection(NestedProjects) = preSolution
		{26CF8A96-1AA3-4BDC-A17C-75BE19CC3560} = {7C0FF3E3-8DF7-4CE1-A44D-F5F77FD206B9}
	EndGlobalSection
	GlobalSection(ProjectConfigurationPlatforms) = postSolution
		{26CF8A96-1AA3-4BDC-A17C-75BE19CC3560}.Debug|Any CPU.ActiveCfg = Debug|Any CPU
		{26CF8A96-1AA3-4BDC-A17C-75BE19CC3560}.Debug|Any CPU.Build.0 = Debug|Any CPU
		{26CF8A96-1AA3-4BDC-A17C-75BE19CC3560}.Release|Any CPU.ActiveCfg = Release|Any CPU
		{26CF8A96-1AA3-4BDC-A17C-75BE19CC3560}.Release|Any CPU.Build.0 = Release|Any CPU
	EndGlobalSection
EndGlobal
