
Microsoft Visual Studio Solution File, Format Version 12.00
Project("{2150E333-8FDC-42A3-9474-1A3956D46DE8}") = "Api", "Api", "{7C0FF3E3-8DF7-4CE1-A44D-F5F77FD206B9}"
EndProject
Project("{FAE04EC0-301F-11D3-BF4B-00C04F79EFBC}") = "Comfyg.Api", "packages\Api\Comfyg.Api\Comfyg.Api.csproj", "{26CF8A96-1AA3-4BDC-A17C-75BE19CC3560}"
EndProject
Project("{2150E333-8FDC-42A3-9474-1A3956D46DE8}") = "Examples", "Examples", "{F0EA5A08-4880-4634-B81F-747DA907F69C}"
EndProject
Project("{FAE04EC0-301F-11D3-BF4B-00C04F79EFBC}") = "Comfyg.Examples.AspNetCore", "examples\Comfyg.Examples.AspNetCore\Comfyg.Examples.AspNetCore.csproj", "{FFD28165-E775-424C-8B53-5FC28CABF172}"
EndProject
Project("{FAE04EC0-301F-11D3-BF4B-00C04F79EFBC}") = "Comfyg", "packages\Comfyg\Comfyg.csproj", "{7748AC6B-B8F4-4CCD-8803-EDB457BA40C3}"
EndProject
Project("{FAE04EC0-301F-11D3-BF4B-00C04F79EFBC}") = "Comfyg.Client", "packages\Comfyg.Client\Comfyg.Client.csproj", "{53857E0E-24DC-4DA7-9616-380130D217BA}"
EndProject
Project("{FAE04EC0-301F-11D3-BF4B-00C04F79EFBC}") = "Comfyg.Core", "packages\Api\Comfyg.Core\Comfyg.Core.csproj", "{73822547-5EF2-4361-A25B-BAE323CADB8D}"
EndProject
Project("{FAE04EC0-301F-11D3-BF4B-00C04F79EFBC}") = "Comfyg.Core.Abstractions", "packages\Api\Comfyg.Core.Abstractions\Comfyg.Core.Abstractions.csproj", "{476EC29C-230B-4E31-9DCD-624F58EE8881}"
EndProject
Project("{FAE04EC0-301F-11D3-BF4B-00C04F79EFBC}") = "Comfyg.Contracts", "packages\Api\Comfyg.Contracts\Comfyg.Contracts.csproj", "{B10C9658-EBAA-4B04-AC0F-A48418916938}"
EndProject
Project("{FAE04EC0-301F-11D3-BF4B-00C04F79EFBC}") = "Comfyg.Authentication", "packages\Api\Comfyg.Authentication\Comfyg.Authentication.csproj", "{FC514504-2A6B-459C-92BF-9DCF0F505CD1}"
EndProject
Project("{FAE04EC0-301F-11D3-BF4B-00C04F79EFBC}") = "Comfyg.Authentication.Abstractions", "packages\Api\Comfyg.Authentication.Abstractions\Comfyg.Authentication.Abstractions.csproj", "{6E24A6DA-EF7B-4C9E-8A21-7B45DC512FB8}"
EndProject
Project("{FAE04EC0-301F-11D3-BF4B-00C04F79EFBC}") = "Comfyg.Cli", "packages\Comfyg.Cli\Comfyg.Cli.csproj", "{D17E7168-49E6-4E55-B77C-7FA03766F03A}"
EndProject
Project("{2150E333-8FDC-42A3-9474-1A3956D46DE8}") = "Tests", "Tests", "{CC2ABB50-DCC4-4CE1-BAB4-A1FB82629B2C}"
EndProject
Project("{FAE04EC0-301F-11D3-BF4B-00C04F79EFBC}") = "Comfyg.Client.Tests", "tests\Comfyg.Client.Tests\Comfyg.Client.Tests.csproj", "{87631A3F-DADC-4690-BEC5-D04B69772532}"
EndProject
Project("{2150E333-8FDC-42A3-9474-1A3956D46DE8}") = "Api", "Api", "{1F928028-8E63-4C32-96E5-AB2852EEADF6}"
EndProject
Project("{FAE04EC0-301F-11D3-BF4B-00C04F79EFBC}") = "Comfyg.Core.Tests", "tests\Api\Comfyg.Core.Tests\Comfyg.Core.Tests.csproj", "{A23FEA90-CD5E-4FED-B576-19D1F6F7A8BA}"
EndProject
Global
	GlobalSection(SolutionConfigurationPlatforms) = preSolution
		Debug|Any CPU = Debug|Any CPU
		Release|Any CPU = Release|Any CPU
	EndGlobalSection
	GlobalSection(NestedProjects) = preSolution
		{26CF8A96-1AA3-4BDC-A17C-75BE19CC3560} = {7C0FF3E3-8DF7-4CE1-A44D-F5F77FD206B9}
		{FFD28165-E775-424C-8B53-5FC28CABF172} = {F0EA5A08-4880-4634-B81F-747DA907F69C}
		{73822547-5EF2-4361-A25B-BAE323CADB8D} = {7C0FF3E3-8DF7-4CE1-A44D-F5F77FD206B9}
		{476EC29C-230B-4E31-9DCD-624F58EE8881} = {7C0FF3E3-8DF7-4CE1-A44D-F5F77FD206B9}
		{B10C9658-EBAA-4B04-AC0F-A48418916938} = {7C0FF3E3-8DF7-4CE1-A44D-F5F77FD206B9}
		{FC514504-2A6B-459C-92BF-9DCF0F505CD1} = {7C0FF3E3-8DF7-4CE1-A44D-F5F77FD206B9}
		{6E24A6DA-EF7B-4C9E-8A21-7B45DC512FB8} = {7C0FF3E3-8DF7-4CE1-A44D-F5F77FD206B9}
		{87631A3F-DADC-4690-BEC5-D04B69772532} = {CC2ABB50-DCC4-4CE1-BAB4-A1FB82629B2C}
		{1F928028-8E63-4C32-96E5-AB2852EEADF6} = {CC2ABB50-DCC4-4CE1-BAB4-A1FB82629B2C}
		{A23FEA90-CD5E-4FED-B576-19D1F6F7A8BA} = {1F928028-8E63-4C32-96E5-AB2852EEADF6}
	EndGlobalSection
	GlobalSection(ProjectConfigurationPlatforms) = postSolution
		{26CF8A96-1AA3-4BDC-A17C-75BE19CC3560}.Debug|Any CPU.ActiveCfg = Debug|Any CPU
		{26CF8A96-1AA3-4BDC-A17C-75BE19CC3560}.Debug|Any CPU.Build.0 = Debug|Any CPU
		{26CF8A96-1AA3-4BDC-A17C-75BE19CC3560}.Release|Any CPU.ActiveCfg = Release|Any CPU
		{26CF8A96-1AA3-4BDC-A17C-75BE19CC3560}.Release|Any CPU.Build.0 = Release|Any CPU
		{FFD28165-E775-424C-8B53-5FC28CABF172}.Debug|Any CPU.ActiveCfg = Debug|Any CPU
		{FFD28165-E775-424C-8B53-5FC28CABF172}.Debug|Any CPU.Build.0 = Debug|Any CPU
		{FFD28165-E775-424C-8B53-5FC28CABF172}.Release|Any CPU.ActiveCfg = Release|Any CPU
		{FFD28165-E775-424C-8B53-5FC28CABF172}.Release|Any CPU.Build.0 = Release|Any CPU
		{7748AC6B-B8F4-4CCD-8803-EDB457BA40C3}.Debug|Any CPU.ActiveCfg = Debug|Any CPU
		{7748AC6B-B8F4-4CCD-8803-EDB457BA40C3}.Debug|Any CPU.Build.0 = Debug|Any CPU
		{7748AC6B-B8F4-4CCD-8803-EDB457BA40C3}.Release|Any CPU.ActiveCfg = Release|Any CPU
		{7748AC6B-B8F4-4CCD-8803-EDB457BA40C3}.Release|Any CPU.Build.0 = Release|Any CPU
		{53857E0E-24DC-4DA7-9616-380130D217BA}.Debug|Any CPU.ActiveCfg = Debug|Any CPU
		{53857E0E-24DC-4DA7-9616-380130D217BA}.Debug|Any CPU.Build.0 = Debug|Any CPU
		{53857E0E-24DC-4DA7-9616-380130D217BA}.Release|Any CPU.ActiveCfg = Release|Any CPU
		{53857E0E-24DC-4DA7-9616-380130D217BA}.Release|Any CPU.Build.0 = Release|Any CPU
		{73822547-5EF2-4361-A25B-BAE323CADB8D}.Debug|Any CPU.ActiveCfg = Debug|Any CPU
		{73822547-5EF2-4361-A25B-BAE323CADB8D}.Debug|Any CPU.Build.0 = Debug|Any CPU
		{73822547-5EF2-4361-A25B-BAE323CADB8D}.Release|Any CPU.ActiveCfg = Release|Any CPU
		{73822547-5EF2-4361-A25B-BAE323CADB8D}.Release|Any CPU.Build.0 = Release|Any CPU
		{476EC29C-230B-4E31-9DCD-624F58EE8881}.Debug|Any CPU.ActiveCfg = Debug|Any CPU
		{476EC29C-230B-4E31-9DCD-624F58EE8881}.Debug|Any CPU.Build.0 = Debug|Any CPU
		{476EC29C-230B-4E31-9DCD-624F58EE8881}.Release|Any CPU.ActiveCfg = Release|Any CPU
		{476EC29C-230B-4E31-9DCD-624F58EE8881}.Release|Any CPU.Build.0 = Release|Any CPU
		{B10C9658-EBAA-4B04-AC0F-A48418916938}.Debug|Any CPU.ActiveCfg = Debug|Any CPU
		{B10C9658-EBAA-4B04-AC0F-A48418916938}.Debug|Any CPU.Build.0 = Debug|Any CPU
		{B10C9658-EBAA-4B04-AC0F-A48418916938}.Release|Any CPU.ActiveCfg = Release|Any CPU
		{B10C9658-EBAA-4B04-AC0F-A48418916938}.Release|Any CPU.Build.0 = Release|Any CPU
		{FC514504-2A6B-459C-92BF-9DCF0F505CD1}.Debug|Any CPU.ActiveCfg = Debug|Any CPU
		{FC514504-2A6B-459C-92BF-9DCF0F505CD1}.Debug|Any CPU.Build.0 = Debug|Any CPU
		{FC514504-2A6B-459C-92BF-9DCF0F505CD1}.Release|Any CPU.ActiveCfg = Release|Any CPU
		{FC514504-2A6B-459C-92BF-9DCF0F505CD1}.Release|Any CPU.Build.0 = Release|Any CPU
		{6E24A6DA-EF7B-4C9E-8A21-7B45DC512FB8}.Debug|Any CPU.ActiveCfg = Debug|Any CPU
		{6E24A6DA-EF7B-4C9E-8A21-7B45DC512FB8}.Debug|Any CPU.Build.0 = Debug|Any CPU
		{6E24A6DA-EF7B-4C9E-8A21-7B45DC512FB8}.Release|Any CPU.ActiveCfg = Release|Any CPU
		{6E24A6DA-EF7B-4C9E-8A21-7B45DC512FB8}.Release|Any CPU.Build.0 = Release|Any CPU
		{D17E7168-49E6-4E55-B77C-7FA03766F03A}.Debug|Any CPU.ActiveCfg = Debug|Any CPU
		{D17E7168-49E6-4E55-B77C-7FA03766F03A}.Debug|Any CPU.Build.0 = Debug|Any CPU
		{D17E7168-49E6-4E55-B77C-7FA03766F03A}.Release|Any CPU.ActiveCfg = Release|Any CPU
		{D17E7168-49E6-4E55-B77C-7FA03766F03A}.Release|Any CPU.Build.0 = Release|Any CPU
		{87631A3F-DADC-4690-BEC5-D04B69772532}.Debug|Any CPU.ActiveCfg = Debug|Any CPU
		{87631A3F-DADC-4690-BEC5-D04B69772532}.Debug|Any CPU.Build.0 = Debug|Any CPU
		{87631A3F-DADC-4690-BEC5-D04B69772532}.Release|Any CPU.ActiveCfg = Release|Any CPU
		{87631A3F-DADC-4690-BEC5-D04B69772532}.Release|Any CPU.Build.0 = Release|Any CPU
		{A23FEA90-CD5E-4FED-B576-19D1F6F7A8BA}.Debug|Any CPU.ActiveCfg = Debug|Any CPU
		{A23FEA90-CD5E-4FED-B576-19D1F6F7A8BA}.Debug|Any CPU.Build.0 = Debug|Any CPU
		{A23FEA90-CD5E-4FED-B576-19D1F6F7A8BA}.Release|Any CPU.ActiveCfg = Release|Any CPU
		{A23FEA90-CD5E-4FED-B576-19D1F6F7A8BA}.Release|Any CPU.Build.0 = Release|Any CPU
	EndGlobalSection
EndGlobal
